
Microsoft Visual Studio Solution File, Format Version 11.00
# Visual Studio 2010
Project("{8BC9CEB8-8B4A-11D0-8D11-00A0C91BC942}") = "431", "431\431.vcxproj", "{9AB263BD-1F95-41DD-910B-77031756677D}"
EndProject
Global
	GlobalSection(SolutionConfigurationPlatforms) = preSolution
		Debug|Win32 = Debug|Win32
		Release|Win32 = Release|Win32
	EndGlobalSection
	GlobalSection(ProjectConfigurationPlatforms) = postSolution
		{9AB263BD-1F95-41DD-910B-77031756677D}.Debug|Win32.ActiveCfg = Debug|Win32
		{9AB263BD-1F95-41DD-910B-77031756677D}.Debug|Win32.Build.0 = Debug|Win32
		{9AB263BD-1F95-41DD-910B-77031756677D}.Release|Win32.ActiveCfg = Release|Win32
		{9AB263BD-1F95-41DD-910B-77031756677D}.Release|Win32.Build.0 = Release|Win32
	EndGlobalSection
	GlobalSection(SolutionProperties) = preSolution
		HideSolutionNode = FALSE
	EndGlobalSection
EndGlobal
